
Microsoft Visual Studio Solution File, Format Version 12.00
# Visual Studio 15
VisualStudioVersion = 15.0.26124.0
MinimumVisualStudioVersion = 15.0.26124.0
Project("{2150E333-8FDC-42A3-9474-1A3956D46DE8}") = "Code", "Code", "{E1D41C82-D4F1-463C-9D61-DC0A086D6EB4}"
EndProject
Project("{FAE04EC0-301F-11D3-BF4B-00C04F79EFBC}") = "DotNetwithMySQL.Api", "Code\DotNetwithMySQL.Api\DotNetwithMySQL.Api.csproj", "{682F5984-0346-4E3A-AC6E-32757B509BB6}"
EndProject
Project("{FAE04EC0-301F-11D3-BF4B-00C04F79EFBC}") = "DotNetwithMySQL.Business", "Code\DotNetwithMySQL.Business\DotNetwithMySQL.Business.csproj", "{09B864BD-C034-46B8-8A0B-F0FF1D05D897}"
EndProject
Project("{FAE04EC0-301F-11D3-BF4B-00C04F79EFBC}") = "DotNetwithMySQL.Data", "Code\DotNetwithMySQL.Data\DotNetwithMySQL.Data.csproj", "{834D73D5-B7DC-4097-AFAC-ABF35BE652B7}"
EndProject
Project("{FAE04EC0-301F-11D3-BF4B-00C04F79EFBC}") = "DotNetwithMySQL.Entities", "Code\DotNetwithMySQL.Entities\DotNetwithMySQL.Entities.csproj", "{24E29697-5914-4544-98DA-A7C7F8D69A01}"
EndProject
Project("{FAE04EC0-301F-11D3-BF4B-00C04F79EFBC}") = "DotNetwithMySQL.Test.Api", "Code\DotNetwithMySQL.Test.Api\DotNetwithMySQL.Test.Api.csproj", "{AF5FFE30-4B0F-4830-8762-D68C2CBCED69}"
EndProject
Project("{FAE04EC0-301F-11D3-BF4B-00C04F79EFBC}") = "DotNetwithMySQL.Test.Business", "Code\DotNetwithMySQL.Test.Business\DotNetwithMySQL.Test.Business.csproj", "{BCF3C645-D6D3-4296-B86D-52B9FDC340F4}"
EndProject
Project("{FAE04EC0-301F-11D3-BF4B-00C04F79EFBC}") = "DotNetwithMySQL.Test.Framework", "Code\DotNetwithMySQL.Test.Framework\DotNetwithMySQL.Test.Framework.csproj", "{4FA55EA5-946C-41F2-A7F9-4C6ABBA5C15C}"
EndProject
Project("{2150E333-8FDC-42A3-9474-1A3956D46DE8}") = "Test", "Test", "{A2CC8197-1F78-4BCC-938D-8615A62C7229}"
EndProject
Global
	GlobalSection(SolutionConfigurationPlatforms) = preSolution
		Debug|Any CPU = Debug|Any CPU
		Debug|x64 = Debug|x64
		Debug|x86 = Debug|x86
		Release|Any CPU = Release|Any CPU
		Release|x64 = Release|x64
		Release|x86 = Release|x86
	EndGlobalSection
	GlobalSection(SolutionProperties) = preSolution
		HideSolutionNode = FALSE
	EndGlobalSection
	GlobalSection(ProjectConfigurationPlatforms) = postSolution
		{682F5984-0346-4E3A-AC6E-32757B509BB6}.Debug|Any CPU.ActiveCfg = Debug|Any CPU
		{682F5984-0346-4E3A-AC6E-32757B509BB6}.Debug|Any CPU.Build.0 = Debug|Any CPU
		{682F5984-0346-4E3A-AC6E-32757B509BB6}.Debug|x64.ActiveCfg = Debug|Any CPU
		{682F5984-0346-4E3A-AC6E-32757B509BB6}.Debug|x64.Build.0 = Debug|Any CPU
		{682F5984-0346-4E3A-AC6E-32757B509BB6}.Debug|x86.ActiveCfg = Debug|Any CPU
		{682F5984-0346-4E3A-AC6E-32757B509BB6}.Debug|x86.Build.0 = Debug|Any CPU
		{682F5984-0346-4E3A-AC6E-32757B509BB6}.Release|Any CPU.ActiveCfg = Release|Any CPU
		{682F5984-0346-4E3A-AC6E-32757B509BB6}.Release|Any CPU.Build.0 = Release|Any CPU
		{682F5984-0346-4E3A-AC6E-32757B509BB6}.Release|x64.ActiveCfg = Release|Any CPU
		{682F5984-0346-4E3A-AC6E-32757B509BB6}.Release|x64.Build.0 = Release|Any CPU
		{682F5984-0346-4E3A-AC6E-32757B509BB6}.Release|x86.ActiveCfg = Release|Any CPU
		{682F5984-0346-4E3A-AC6E-32757B509BB6}.Release|x86.Build.0 = Release|Any CPU
		{09B864BD-C034-46B8-8A0B-F0FF1D05D897}.Debug|Any CPU.ActiveCfg = Debug|Any CPU
		{09B864BD-C034-46B8-8A0B-F0FF1D05D897}.Debug|Any CPU.Build.0 = Debug|Any CPU
		{09B864BD-C034-46B8-8A0B-F0FF1D05D897}.Debug|x64.ActiveCfg = Debug|Any CPU
		{09B864BD-C034-46B8-8A0B-F0FF1D05D897}.Debug|x64.Build.0 = Debug|Any CPU
		{09B864BD-C034-46B8-8A0B-F0FF1D05D897}.Debug|x86.ActiveCfg = Debug|Any CPU
		{09B864BD-C034-46B8-8A0B-F0FF1D05D897}.Debug|x86.Build.0 = Debug|Any CPU
		{09B864BD-C034-46B8-8A0B-F0FF1D05D897}.Release|Any CPU.ActiveCfg = Release|Any CPU
		{09B864BD-C034-46B8-8A0B-F0FF1D05D897}.Release|Any CPU.Build.0 = Release|Any CPU
		{09B864BD-C034-46B8-8A0B-F0FF1D05D897}.Release|x64.ActiveCfg = Release|Any CPU
		{09B864BD-C034-46B8-8A0B-F0FF1D05D897}.Release|x64.Build.0 = Release|Any CPU
		{09B864BD-C034-46B8-8A0B-F0FF1D05D897}.Release|x86.ActiveCfg = Release|Any CPU
		{09B864BD-C034-46B8-8A0B-F0FF1D05D897}.Release|x86.Build.0 = Release|Any CPU
		{834D73D5-B7DC-4097-AFAC-ABF35BE652B7}.Debug|Any CPU.ActiveCfg = Debug|Any CPU
		{834D73D5-B7DC-4097-AFAC-ABF35BE652B7}.Debug|Any CPU.Build.0 = Debug|Any CPU
		{834D73D5-B7DC-4097-AFAC-ABF35BE652B7}.Debug|x64.ActiveCfg = Debug|Any CPU
		{834D73D5-B7DC-4097-AFAC-ABF35BE652B7}.Debug|x64.Build.0 = Debug|Any CPU
		{834D73D5-B7DC-4097-AFAC-ABF35BE652B7}.Debug|x86.ActiveCfg = Debug|Any CPU
		{834D73D5-B7DC-4097-AFAC-ABF35BE652B7}.Debug|x86.Build.0 = Debug|Any CPU
		{834D73D5-B7DC-4097-AFAC-ABF35BE652B7}.Release|Any CPU.ActiveCfg = Release|Any CPU
		{834D73D5-B7DC-4097-AFAC-ABF35BE652B7}.Release|Any CPU.Build.0 = Release|Any CPU
		{834D73D5-B7DC-4097-AFAC-ABF35BE652B7}.Release|x64.ActiveCfg = Release|Any CPU
		{834D73D5-B7DC-4097-AFAC-ABF35BE652B7}.Release|x64.Build.0 = Release|Any CPU
		{834D73D5-B7DC-4097-AFAC-ABF35BE652B7}.Release|x86.ActiveCfg = Release|Any CPU
		{834D73D5-B7DC-4097-AFAC-ABF35BE652B7}.Release|x86.Build.0 = Release|Any CPU
		{24E29697-5914-4544-98DA-A7C7F8D69A01}.Debug|Any CPU.ActiveCfg = Debug|Any CPU
		{24E29697-5914-4544-98DA-A7C7F8D69A01}.Debug|Any CPU.Build.0 = Debug|Any CPU
		{24E29697-5914-4544-98DA-A7C7F8D69A01}.Debug|x64.ActiveCfg = Debug|Any CPU
		{24E29697-5914-4544-98DA-A7C7F8D69A01}.Debug|x64.Build.0 = Debug|Any CPU
		{24E29697-5914-4544-98DA-A7C7F8D69A01}.Debug|x86.ActiveCfg = Debug|Any CPU
		{24E29697-5914-4544-98DA-A7C7F8D69A01}.Debug|x86.Build.0 = Debug|Any CPU
		{24E29697-5914-4544-98DA-A7C7F8D69A01}.Release|Any CPU.ActiveCfg = Release|Any CPU
		{24E29697-5914-4544-98DA-A7C7F8D69A01}.Release|Any CPU.Build.0 = Release|Any CPU
		{24E29697-5914-4544-98DA-A7C7F8D69A01}.Release|x64.ActiveCfg = Release|Any CPU
		{24E29697-5914-4544-98DA-A7C7F8D69A01}.Release|x64.Build.0 = Release|Any CPU
		{24E29697-5914-4544-98DA-A7C7F8D69A01}.Release|x86.ActiveCfg = Release|Any CPU
		{24E29697-5914-4544-98DA-A7C7F8D69A01}.Release|x86.Build.0 = Release|Any CPU
		{AF5FFE30-4B0F-4830-8762-D68C2CBCED69}.Debug|Any CPU.ActiveCfg = Debug|Any CPU
		{AF5FFE30-4B0F-4830-8762-D68C2CBCED69}.Debug|Any CPU.Build.0 = Debug|Any CPU
		{AF5FFE30-4B0F-4830-8762-D68C2CBCED69}.Debug|x64.ActiveCfg = Debug|Any CPU
		{AF5FFE30-4B0F-4830-8762-D68C2CBCED69}.Debug|x64.Build.0 = Debug|Any CPU
		{AF5FFE30-4B0F-4830-8762-D68C2CBCED69}.Debug|x86.ActiveCfg = Debug|Any CPU
		{AF5FFE30-4B0F-4830-8762-D68C2CBCED69}.Debug|x86.Build.0 = Debug|Any CPU
		{AF5FFE30-4B0F-4830-8762-D68C2CBCED69}.Release|Any CPU.ActiveCfg = Release|Any CPU
		{AF5FFE30-4B0F-4830-8762-D68C2CBCED69}.Release|Any CPU.Build.0 = Release|Any CPU
		{AF5FFE30-4B0F-4830-8762-D68C2CBCED69}.Release|x64.ActiveCfg = Release|Any CPU
		{AF5FFE30-4B0F-4830-8762-D68C2CBCED69}.Release|x64.Build.0 = Release|Any CPU
		{AF5FFE30-4B0F-4830-8762-D68C2CBCED69}.Release|x86.ActiveCfg = Release|Any CPU
		{AF5FFE30-4B0F-4830-8762-D68C2CBCED69}.Release|x86.Build.0 = Release|Any CPU
		{BCF3C645-D6D3-4296-B86D-52B9FDC340F4}.Debug|Any CPU.ActiveCfg = Debug|Any CPU
		{BCF3C645-D6D3-4296-B86D-52B9FDC340F4}.Debug|Any CPU.Build.0 = Debug|Any CPU
		{BCF3C645-D6D3-4296-B86D-52B9FDC340F4}.Debug|x64.ActiveCfg = Debug|Any CPU
		{BCF3C645-D6D3-4296-B86D-52B9FDC340F4}.Debug|x64.Build.0 = Debug|Any CPU
		{BCF3C645-D6D3-4296-B86D-52B9FDC340F4}.Debug|x86.ActiveCfg = Debug|Any CPU
		{BCF3C645-D6D3-4296-B86D-52B9FDC340F4}.Debug|x86.Build.0 = Debug|Any CPU
		{BCF3C645-D6D3-4296-B86D-52B9FDC340F4}.Release|Any CPU.ActiveCfg = Release|Any CPU
		{BCF3C645-D6D3-4296-B86D-52B9FDC340F4}.Release|Any CPU.Build.0 = Release|Any CPU
		{BCF3C645-D6D3-4296-B86D-52B9FDC340F4}.Release|x64.ActiveCfg = Release|Any CPU
		{BCF3C645-D6D3-4296-B86D-52B9FDC340F4}.Release|x64.Build.0 = Release|Any CPU
		{BCF3C645-D6D3-4296-B86D-52B9FDC340F4}.Release|x86.ActiveCfg = Release|Any CPU
		{BCF3C645-D6D3-4296-B86D-52B9FDC340F4}.Release|x86.Build.0 = Release|Any CPU
		{4FA55EA5-946C-41F2-A7F9-4C6ABBA5C15C}.Debug|Any CPU.ActiveCfg = Debug|Any CPU
		{4FA55EA5-946C-41F2-A7F9-4C6ABBA5C15C}.Debug|Any CPU.Build.0 = Debug|Any CPU
		{4FA55EA5-946C-41F2-A7F9-4C6ABBA5C15C}.Debug|x64.ActiveCfg = Debug|Any CPU
		{4FA55EA5-946C-41F2-A7F9-4C6ABBA5C15C}.Debug|x64.Build.0 = Debug|Any CPU
		{4FA55EA5-946C-41F2-A7F9-4C6ABBA5C15C}.Debug|x86.ActiveCfg = Debug|Any CPU
		{4FA55EA5-946C-41F2-A7F9-4C6ABBA5C15C}.Debug|x86.Build.0 = Debug|Any CPU
		{4FA55EA5-946C-41F2-A7F9-4C6ABBA5C15C}.Release|Any CPU.ActiveCfg = Release|Any CPU
		{4FA55EA5-946C-41F2-A7F9-4C6ABBA5C15C}.Release|Any CPU.Build.0 = Release|Any CPU
		{4FA55EA5-946C-41F2-A7F9-4C6ABBA5C15C}.Release|x64.ActiveCfg = Release|Any CPU
		{4FA55EA5-946C-41F2-A7F9-4C6ABBA5C15C}.Release|x64.Build.0 = Release|Any CPU
		{4FA55EA5-946C-41F2-A7F9-4C6ABBA5C15C}.Release|x86.ActiveCfg = Release|Any CPU
		{4FA55EA5-946C-41F2-A7F9-4C6ABBA5C15C}.Release|x86.Build.0 = Release|Any CPU
	EndGlobalSection
	GlobalSection(NestedProjects) = preSolution
		{682F5984-0346-4E3A-AC6E-32757B509BB6} = {E1D41C82-D4F1-463C-9D61-DC0A086D6EB4}
		{09B864BD-C034-46B8-8A0B-F0FF1D05D897} = {E1D41C82-D4F1-463C-9D61-DC0A086D6EB4}
		{834D73D5-B7DC-4097-AFAC-ABF35BE652B7} = {E1D41C82-D4F1-463C-9D61-DC0A086D6EB4}
		{24E29697-5914-4544-98DA-A7C7F8D69A01} = {E1D41C82-D4F1-463C-9D61-DC0A086D6EB4}
		{AF5FFE30-4B0F-4830-8762-D68C2CBCED69} = {A2CC8197-1F78-4BCC-938D-8615A62C7229}
		{BCF3C645-D6D3-4296-B86D-52B9FDC340F4} = {A2CC8197-1F78-4BCC-938D-8615A62C7229}
		{4FA55EA5-946C-41F2-A7F9-4C6ABBA5C15C} = {A2CC8197-1F78-4BCC-938D-8615A62C7229}
	EndGlobalSection
EndGlobal
