
Microsoft Visual Studio Solution File, Format Version 12.00
# Visual Studio 15
VisualStudioVersion = 15.0.26124.0
MinimumVisualStudioVersion = 15.0.26124.0
Project("{2150E333-8FDC-42A3-9474-1A3956D46DE8}") = "Code", "Code", "{7AA4E8D5-AB69-4626-AE90-77C872D460DE}"
EndProject
Project("{FAE04EC0-301F-11D3-BF4B-00C04F79EFBC}") = "DotnetMongo.Api", "Code\DotnetMongo.Api\DotnetMongo.Api.csproj", "{42D15294-17C6-4540-8220-267E6253740A}"
EndProject
Project("{FAE04EC0-301F-11D3-BF4B-00C04F79EFBC}") = "DotnetMongo.Business", "Code\DotnetMongo.Business\DotnetMongo.Business.csproj", "{B39CBCE2-F04F-49F8-B2BD-C9C6C463C26F}"
EndProject
Project("{FAE04EC0-301F-11D3-BF4B-00C04F79EFBC}") = "DotnetMongo.Data", "Code\DotnetMongo.Data\DotnetMongo.Data.csproj", "{1EA7CD37-D084-4F30-AAE4-D3C48322A03F}"
EndProject
Project("{FAE04EC0-301F-11D3-BF4B-00C04F79EFBC}") = "DotnetMongo.Entities", "Code\DotnetMongo.Entities\DotnetMongo.Entities.csproj", "{95AD2EE0-43F8-4E04-A6B5-7936496FDC7D}"
EndProject
Project("{FAE04EC0-301F-11D3-BF4B-00C04F79EFBC}") = "DotnetMongo.Test.Api", "Code\DotnetMongo.Test.Api\DotnetMongo.Test.Api.csproj", "{6FDCBC60-0E51-44E2-B2CA-E88E2452B684}"
EndProject
Project("{FAE04EC0-301F-11D3-BF4B-00C04F79EFBC}") = "DotnetMongo.Test.Business", "Code\DotnetMongo.Test.Business\DotnetMongo.Test.Business.csproj", "{9F72DD8B-DD51-4EB9-BC2E-A954E9078992}"
EndProject
Project("{FAE04EC0-301F-11D3-BF4B-00C04F79EFBC}") = "DotnetMongo.Test.Framework", "Code\DotnetMongo.Test.Framework\DotnetMongo.Test.Framework.csproj", "{8D4F4922-0ECF-4928-BE1A-14489EAA04FF}"
EndProject
Project("{2150E333-8FDC-42A3-9474-1A3956D46DE8}") = "Test", "Test", "{201D108E-3B3B-4031-966B-7535017A1974}"
EndProject
Global
	GlobalSection(SolutionConfigurationPlatforms) = preSolution
		Debug|Any CPU = Debug|Any CPU
		Debug|x64 = Debug|x64
		Debug|x86 = Debug|x86
		Release|Any CPU = Release|Any CPU
		Release|x64 = Release|x64
		Release|x86 = Release|x86
	EndGlobalSection
	GlobalSection(SolutionProperties) = preSolution
		HideSolutionNode = FALSE
	EndGlobalSection
	GlobalSection(ProjectConfigurationPlatforms) = postSolution
		{42D15294-17C6-4540-8220-267E6253740A}.Debug|Any CPU.ActiveCfg = Debug|Any CPU
		{42D15294-17C6-4540-8220-267E6253740A}.Debug|Any CPU.Build.0 = Debug|Any CPU
		{42D15294-17C6-4540-8220-267E6253740A}.Debug|x64.ActiveCfg = Debug|Any CPU
		{42D15294-17C6-4540-8220-267E6253740A}.Debug|x64.Build.0 = Debug|Any CPU
		{42D15294-17C6-4540-8220-267E6253740A}.Debug|x86.ActiveCfg = Debug|Any CPU
		{42D15294-17C6-4540-8220-267E6253740A}.Debug|x86.Build.0 = Debug|Any CPU
		{42D15294-17C6-4540-8220-267E6253740A}.Release|Any CPU.ActiveCfg = Release|Any CPU
		{42D15294-17C6-4540-8220-267E6253740A}.Release|Any CPU.Build.0 = Release|Any CPU
		{42D15294-17C6-4540-8220-267E6253740A}.Release|x64.ActiveCfg = Release|Any CPU
		{42D15294-17C6-4540-8220-267E6253740A}.Release|x64.Build.0 = Release|Any CPU
		{42D15294-17C6-4540-8220-267E6253740A}.Release|x86.ActiveCfg = Release|Any CPU
		{42D15294-17C6-4540-8220-267E6253740A}.Release|x86.Build.0 = Release|Any CPU
		{B39CBCE2-F04F-49F8-B2BD-C9C6C463C26F}.Debug|Any CPU.ActiveCfg = Debug|Any CPU
		{B39CBCE2-F04F-49F8-B2BD-C9C6C463C26F}.Debug|Any CPU.Build.0 = Debug|Any CPU
		{B39CBCE2-F04F-49F8-B2BD-C9C6C463C26F}.Debug|x64.ActiveCfg = Debug|Any CPU
		{B39CBCE2-F04F-49F8-B2BD-C9C6C463C26F}.Debug|x64.Build.0 = Debug|Any CPU
		{B39CBCE2-F04F-49F8-B2BD-C9C6C463C26F}.Debug|x86.ActiveCfg = Debug|Any CPU
		{B39CBCE2-F04F-49F8-B2BD-C9C6C463C26F}.Debug|x86.Build.0 = Debug|Any CPU
		{B39CBCE2-F04F-49F8-B2BD-C9C6C463C26F}.Release|Any CPU.ActiveCfg = Release|Any CPU
		{B39CBCE2-F04F-49F8-B2BD-C9C6C463C26F}.Release|Any CPU.Build.0 = Release|Any CPU
		{B39CBCE2-F04F-49F8-B2BD-C9C6C463C26F}.Release|x64.ActiveCfg = Release|Any CPU
		{B39CBCE2-F04F-49F8-B2BD-C9C6C463C26F}.Release|x64.Build.0 = Release|Any CPU
		{B39CBCE2-F04F-49F8-B2BD-C9C6C463C26F}.Release|x86.ActiveCfg = Release|Any CPU
		{B39CBCE2-F04F-49F8-B2BD-C9C6C463C26F}.Release|x86.Build.0 = Release|Any CPU
		{1EA7CD37-D084-4F30-AAE4-D3C48322A03F}.Debug|Any CPU.ActiveCfg = Debug|Any CPU
		{1EA7CD37-D084-4F30-AAE4-D3C48322A03F}.Debug|Any CPU.Build.0 = Debug|Any CPU
		{1EA7CD37-D084-4F30-AAE4-D3C48322A03F}.Debug|x64.ActiveCfg = Debug|Any CPU
		{1EA7CD37-D084-4F30-AAE4-D3C48322A03F}.Debug|x64.Build.0 = Debug|Any CPU
		{1EA7CD37-D084-4F30-AAE4-D3C48322A03F}.Debug|x86.ActiveCfg = Debug|Any CPU
		{1EA7CD37-D084-4F30-AAE4-D3C48322A03F}.Debug|x86.Build.0 = Debug|Any CPU
		{1EA7CD37-D084-4F30-AAE4-D3C48322A03F}.Release|Any CPU.ActiveCfg = Release|Any CPU
		{1EA7CD37-D084-4F30-AAE4-D3C48322A03F}.Release|Any CPU.Build.0 = Release|Any CPU
		{1EA7CD37-D084-4F30-AAE4-D3C48322A03F}.Release|x64.ActiveCfg = Release|Any CPU
		{1EA7CD37-D084-4F30-AAE4-D3C48322A03F}.Release|x64.Build.0 = Release|Any CPU
		{1EA7CD37-D084-4F30-AAE4-D3C48322A03F}.Release|x86.ActiveCfg = Release|Any CPU
		{1EA7CD37-D084-4F30-AAE4-D3C48322A03F}.Release|x86.Build.0 = Release|Any CPU
		{95AD2EE0-43F8-4E04-A6B5-7936496FDC7D}.Debug|Any CPU.ActiveCfg = Debug|Any CPU
		{95AD2EE0-43F8-4E04-A6B5-7936496FDC7D}.Debug|Any CPU.Build.0 = Debug|Any CPU
		{95AD2EE0-43F8-4E04-A6B5-7936496FDC7D}.Debug|x64.ActiveCfg = Debug|Any CPU
		{95AD2EE0-43F8-4E04-A6B5-7936496FDC7D}.Debug|x64.Build.0 = Debug|Any CPU
		{95AD2EE0-43F8-4E04-A6B5-7936496FDC7D}.Debug|x86.ActiveCfg = Debug|Any CPU
		{95AD2EE0-43F8-4E04-A6B5-7936496FDC7D}.Debug|x86.Build.0 = Debug|Any CPU
		{95AD2EE0-43F8-4E04-A6B5-7936496FDC7D}.Release|Any CPU.ActiveCfg = Release|Any CPU
		{95AD2EE0-43F8-4E04-A6B5-7936496FDC7D}.Release|Any CPU.Build.0 = Release|Any CPU
		{95AD2EE0-43F8-4E04-A6B5-7936496FDC7D}.Release|x64.ActiveCfg = Release|Any CPU
		{95AD2EE0-43F8-4E04-A6B5-7936496FDC7D}.Release|x64.Build.0 = Release|Any CPU
		{95AD2EE0-43F8-4E04-A6B5-7936496FDC7D}.Release|x86.ActiveCfg = Release|Any CPU
		{95AD2EE0-43F8-4E04-A6B5-7936496FDC7D}.Release|x86.Build.0 = Release|Any CPU
		{6FDCBC60-0E51-44E2-B2CA-E88E2452B684}.Debug|Any CPU.ActiveCfg = Debug|Any CPU
		{6FDCBC60-0E51-44E2-B2CA-E88E2452B684}.Debug|Any CPU.Build.0 = Debug|Any CPU
		{6FDCBC60-0E51-44E2-B2CA-E88E2452B684}.Debug|x64.ActiveCfg = Debug|Any CPU
		{6FDCBC60-0E51-44E2-B2CA-E88E2452B684}.Debug|x64.Build.0 = Debug|Any CPU
		{6FDCBC60-0E51-44E2-B2CA-E88E2452B684}.Debug|x86.ActiveCfg = Debug|Any CPU
		{6FDCBC60-0E51-44E2-B2CA-E88E2452B684}.Debug|x86.Build.0 = Debug|Any CPU
		{6FDCBC60-0E51-44E2-B2CA-E88E2452B684}.Release|Any CPU.ActiveCfg = Release|Any CPU
		{6FDCBC60-0E51-44E2-B2CA-E88E2452B684}.Release|Any CPU.Build.0 = Release|Any CPU
		{6FDCBC60-0E51-44E2-B2CA-E88E2452B684}.Release|x64.ActiveCfg = Release|Any CPU
		{6FDCBC60-0E51-44E2-B2CA-E88E2452B684}.Release|x64.Build.0 = Release|Any CPU
		{6FDCBC60-0E51-44E2-B2CA-E88E2452B684}.Release|x86.ActiveCfg = Release|Any CPU
		{6FDCBC60-0E51-44E2-B2CA-E88E2452B684}.Release|x86.Build.0 = Release|Any CPU
		{9F72DD8B-DD51-4EB9-BC2E-A954E9078992}.Debug|Any CPU.ActiveCfg = Debug|Any CPU
		{9F72DD8B-DD51-4EB9-BC2E-A954E9078992}.Debug|Any CPU.Build.0 = Debug|Any CPU
		{9F72DD8B-DD51-4EB9-BC2E-A954E9078992}.Debug|x64.ActiveCfg = Debug|Any CPU
		{9F72DD8B-DD51-4EB9-BC2E-A954E9078992}.Debug|x64.Build.0 = Debug|Any CPU
		{9F72DD8B-DD51-4EB9-BC2E-A954E9078992}.Debug|x86.ActiveCfg = Debug|Any CPU
		{9F72DD8B-DD51-4EB9-BC2E-A954E9078992}.Debug|x86.Build.0 = Debug|Any CPU
		{9F72DD8B-DD51-4EB9-BC2E-A954E9078992}.Release|Any CPU.ActiveCfg = Release|Any CPU
		{9F72DD8B-DD51-4EB9-BC2E-A954E9078992}.Release|Any CPU.Build.0 = Release|Any CPU
		{9F72DD8B-DD51-4EB9-BC2E-A954E9078992}.Release|x64.ActiveCfg = Release|Any CPU
		{9F72DD8B-DD51-4EB9-BC2E-A954E9078992}.Release|x64.Build.0 = Release|Any CPU
		{9F72DD8B-DD51-4EB9-BC2E-A954E9078992}.Release|x86.ActiveCfg = Release|Any CPU
		{9F72DD8B-DD51-4EB9-BC2E-A954E9078992}.Release|x86.Build.0 = Release|Any CPU
		{8D4F4922-0ECF-4928-BE1A-14489EAA04FF}.Debug|Any CPU.ActiveCfg = Debug|Any CPU
		{8D4F4922-0ECF-4928-BE1A-14489EAA04FF}.Debug|Any CPU.Build.0 = Debug|Any CPU
		{8D4F4922-0ECF-4928-BE1A-14489EAA04FF}.Debug|x64.ActiveCfg = Debug|Any CPU
		{8D4F4922-0ECF-4928-BE1A-14489EAA04FF}.Debug|x64.Build.0 = Debug|Any CPU
		{8D4F4922-0ECF-4928-BE1A-14489EAA04FF}.Debug|x86.ActiveCfg = Debug|Any CPU
		{8D4F4922-0ECF-4928-BE1A-14489EAA04FF}.Debug|x86.Build.0 = Debug|Any CPU
		{8D4F4922-0ECF-4928-BE1A-14489EAA04FF}.Release|Any CPU.ActiveCfg = Release|Any CPU
		{8D4F4922-0ECF-4928-BE1A-14489EAA04FF}.Release|Any CPU.Build.0 = Release|Any CPU
		{8D4F4922-0ECF-4928-BE1A-14489EAA04FF}.Release|x64.ActiveCfg = Release|Any CPU
		{8D4F4922-0ECF-4928-BE1A-14489EAA04FF}.Release|x64.Build.0 = Release|Any CPU
		{8D4F4922-0ECF-4928-BE1A-14489EAA04FF}.Release|x86.ActiveCfg = Release|Any CPU
		{8D4F4922-0ECF-4928-BE1A-14489EAA04FF}.Release|x86.Build.0 = Release|Any CPU
	EndGlobalSection
	GlobalSection(NestedProjects) = preSolution
		{42D15294-17C6-4540-8220-267E6253740A} = {7AA4E8D5-AB69-4626-AE90-77C872D460DE}
		{B39CBCE2-F04F-49F8-B2BD-C9C6C463C26F} = {7AA4E8D5-AB69-4626-AE90-77C872D460DE}
		{1EA7CD37-D084-4F30-AAE4-D3C48322A03F} = {7AA4E8D5-AB69-4626-AE90-77C872D460DE}
		{95AD2EE0-43F8-4E04-A6B5-7936496FDC7D} = {7AA4E8D5-AB69-4626-AE90-77C872D460DE}
		{6FDCBC60-0E51-44E2-B2CA-E88E2452B684} = {201D108E-3B3B-4031-966B-7535017A1974}
		{9F72DD8B-DD51-4EB9-BC2E-A954E9078992} = {201D108E-3B3B-4031-966B-7535017A1974}
		{8D4F4922-0ECF-4928-BE1A-14489EAA04FF} = {201D108E-3B3B-4031-966B-7535017A1974}
	EndGlobalSection
EndGlobal
