
Microsoft Visual Studio Solution File, Format Version 12.00
# Visual Studio 15
VisualStudioVersion = 15.0.26124.0
MinimumVisualStudioVersion = 15.0.26124.0
Project("{2150E333-8FDC-42A3-9474-1A3956D46DE8}") = "Code", "Code", "{C41AA34E-E6CD-4BEC-9AC0-358F18E0659F}"
EndProject
Project("{FAE04EC0-301F-11D3-BF4B-00C04F79EFBC}") = "DotNetwithMSSQL.Api", "Code\DotNetwithMSSQL.Api\DotNetwithMSSQL.Api.csproj", "{46EF0F57-A5DE-4453-ABDE-127CD5DCF11F}"
EndProject
Project("{FAE04EC0-301F-11D3-BF4B-00C04F79EFBC}") = "DotNetwithMSSQL.Business", "Code\DotNetwithMSSQL.Business\DotNetwithMSSQL.Business.csproj", "{DBE7FC4E-9EC6-4F96-B156-1CBF6F0A7E22}"
EndProject
Project("{FAE04EC0-301F-11D3-BF4B-00C04F79EFBC}") = "DotNetwithMSSQL.Data", "Code\DotNetwithMSSQL.Data\DotNetwithMSSQL.Data.csproj", "{966E308C-908E-4060-8AB0-07E51E4A17B0}"
EndProject
Project("{FAE04EC0-301F-11D3-BF4B-00C04F79EFBC}") = "DotNetwithMSSQL.Entities", "Code\DotNetwithMSSQL.Entities\DotNetwithMSSQL.Entities.csproj", "{E7DC9B3F-2B92-4F23-B7F6-6BCD132CEE97}"
EndProject
Project("{FAE04EC0-301F-11D3-BF4B-00C04F79EFBC}") = "DotNetwithMSSQL.Test.Api", "Code\DotNetwithMSSQL.Test.Api\DotNetwithMSSQL.Test.Api.csproj", "{8EA0FA95-B4A1-4F76-8C87-6FDA54316631}"
EndProject
Project("{FAE04EC0-301F-11D3-BF4B-00C04F79EFBC}") = "DotNetwithMSSQL.Test.Business", "Code\DotNetwithMSSQL.Test.Business\DotNetwithMSSQL.Test.Business.csproj", "{AF494632-454F-48E6-A7C5-AA56C62C905A}"
EndProject
Project("{FAE04EC0-301F-11D3-BF4B-00C04F79EFBC}") = "DotNetwithMSSQL.Test.Framework", "Code\DotNetwithMSSQL.Test.Framework\DotNetwithMSSQL.Test.Framework.csproj", "{8C8C0859-613B-4845-9838-D2AA57276FBB}"
EndProject
Project("{2150E333-8FDC-42A3-9474-1A3956D46DE8}") = "Test", "Test", "{AA69D9D5-5EC5-4061-91CA-42249B62C6AE}"
EndProject
Global
	GlobalSection(SolutionConfigurationPlatforms) = preSolution
		Debug|Any CPU = Debug|Any CPU
		Debug|x64 = Debug|x64
		Debug|x86 = Debug|x86
		Release|Any CPU = Release|Any CPU
		Release|x64 = Release|x64
		Release|x86 = Release|x86
	EndGlobalSection
	GlobalSection(SolutionProperties) = preSolution
		HideSolutionNode = FALSE
	EndGlobalSection
	GlobalSection(ProjectConfigurationPlatforms) = postSolution
		{46EF0F57-A5DE-4453-ABDE-127CD5DCF11F}.Debug|Any CPU.ActiveCfg = Debug|Any CPU
		{46EF0F57-A5DE-4453-ABDE-127CD5DCF11F}.Debug|Any CPU.Build.0 = Debug|Any CPU
		{46EF0F57-A5DE-4453-ABDE-127CD5DCF11F}.Debug|x64.ActiveCfg = Debug|Any CPU
		{46EF0F57-A5DE-4453-ABDE-127CD5DCF11F}.Debug|x64.Build.0 = Debug|Any CPU
		{46EF0F57-A5DE-4453-ABDE-127CD5DCF11F}.Debug|x86.ActiveCfg = Debug|Any CPU
		{46EF0F57-A5DE-4453-ABDE-127CD5DCF11F}.Debug|x86.Build.0 = Debug|Any CPU
		{46EF0F57-A5DE-4453-ABDE-127CD5DCF11F}.Release|Any CPU.ActiveCfg = Release|Any CPU
		{46EF0F57-A5DE-4453-ABDE-127CD5DCF11F}.Release|Any CPU.Build.0 = Release|Any CPU
		{46EF0F57-A5DE-4453-ABDE-127CD5DCF11F}.Release|x64.ActiveCfg = Release|Any CPU
		{46EF0F57-A5DE-4453-ABDE-127CD5DCF11F}.Release|x64.Build.0 = Release|Any CPU
		{46EF0F57-A5DE-4453-ABDE-127CD5DCF11F}.Release|x86.ActiveCfg = Release|Any CPU
		{46EF0F57-A5DE-4453-ABDE-127CD5DCF11F}.Release|x86.Build.0 = Release|Any CPU
		{DBE7FC4E-9EC6-4F96-B156-1CBF6F0A7E22}.Debug|Any CPU.ActiveCfg = Debug|Any CPU
		{DBE7FC4E-9EC6-4F96-B156-1CBF6F0A7E22}.Debug|Any CPU.Build.0 = Debug|Any CPU
		{DBE7FC4E-9EC6-4F96-B156-1CBF6F0A7E22}.Debug|x64.ActiveCfg = Debug|Any CPU
		{DBE7FC4E-9EC6-4F96-B156-1CBF6F0A7E22}.Debug|x64.Build.0 = Debug|Any CPU
		{DBE7FC4E-9EC6-4F96-B156-1CBF6F0A7E22}.Debug|x86.ActiveCfg = Debug|Any CPU
		{DBE7FC4E-9EC6-4F96-B156-1CBF6F0A7E22}.Debug|x86.Build.0 = Debug|Any CPU
		{DBE7FC4E-9EC6-4F96-B156-1CBF6F0A7E22}.Release|Any CPU.ActiveCfg = Release|Any CPU
		{DBE7FC4E-9EC6-4F96-B156-1CBF6F0A7E22}.Release|Any CPU.Build.0 = Release|Any CPU
		{DBE7FC4E-9EC6-4F96-B156-1CBF6F0A7E22}.Release|x64.ActiveCfg = Release|Any CPU
		{DBE7FC4E-9EC6-4F96-B156-1CBF6F0A7E22}.Release|x64.Build.0 = Release|Any CPU
		{DBE7FC4E-9EC6-4F96-B156-1CBF6F0A7E22}.Release|x86.ActiveCfg = Release|Any CPU
		{DBE7FC4E-9EC6-4F96-B156-1CBF6F0A7E22}.Release|x86.Build.0 = Release|Any CPU
		{966E308C-908E-4060-8AB0-07E51E4A17B0}.Debug|Any CPU.ActiveCfg = Debug|Any CPU
		{966E308C-908E-4060-8AB0-07E51E4A17B0}.Debug|Any CPU.Build.0 = Debug|Any CPU
		{966E308C-908E-4060-8AB0-07E51E4A17B0}.Debug|x64.ActiveCfg = Debug|Any CPU
		{966E308C-908E-4060-8AB0-07E51E4A17B0}.Debug|x64.Build.0 = Debug|Any CPU
		{966E308C-908E-4060-8AB0-07E51E4A17B0}.Debug|x86.ActiveCfg = Debug|Any CPU
		{966E308C-908E-4060-8AB0-07E51E4A17B0}.Debug|x86.Build.0 = Debug|Any CPU
		{966E308C-908E-4060-8AB0-07E51E4A17B0}.Release|Any CPU.ActiveCfg = Release|Any CPU
		{966E308C-908E-4060-8AB0-07E51E4A17B0}.Release|Any CPU.Build.0 = Release|Any CPU
		{966E308C-908E-4060-8AB0-07E51E4A17B0}.Release|x64.ActiveCfg = Release|Any CPU
		{966E308C-908E-4060-8AB0-07E51E4A17B0}.Release|x64.Build.0 = Release|Any CPU
		{966E308C-908E-4060-8AB0-07E51E4A17B0}.Release|x86.ActiveCfg = Release|Any CPU
		{966E308C-908E-4060-8AB0-07E51E4A17B0}.Release|x86.Build.0 = Release|Any CPU
		{E7DC9B3F-2B92-4F23-B7F6-6BCD132CEE97}.Debug|Any CPU.ActiveCfg = Debug|Any CPU
		{E7DC9B3F-2B92-4F23-B7F6-6BCD132CEE97}.Debug|Any CPU.Build.0 = Debug|Any CPU
		{E7DC9B3F-2B92-4F23-B7F6-6BCD132CEE97}.Debug|x64.ActiveCfg = Debug|Any CPU
		{E7DC9B3F-2B92-4F23-B7F6-6BCD132CEE97}.Debug|x64.Build.0 = Debug|Any CPU
		{E7DC9B3F-2B92-4F23-B7F6-6BCD132CEE97}.Debug|x86.ActiveCfg = Debug|Any CPU
		{E7DC9B3F-2B92-4F23-B7F6-6BCD132CEE97}.Debug|x86.Build.0 = Debug|Any CPU
		{E7DC9B3F-2B92-4F23-B7F6-6BCD132CEE97}.Release|Any CPU.ActiveCfg = Release|Any CPU
		{E7DC9B3F-2B92-4F23-B7F6-6BCD132CEE97}.Release|Any CPU.Build.0 = Release|Any CPU
		{E7DC9B3F-2B92-4F23-B7F6-6BCD132CEE97}.Release|x64.ActiveCfg = Release|Any CPU
		{E7DC9B3F-2B92-4F23-B7F6-6BCD132CEE97}.Release|x64.Build.0 = Release|Any CPU
		{E7DC9B3F-2B92-4F23-B7F6-6BCD132CEE97}.Release|x86.ActiveCfg = Release|Any CPU
		{E7DC9B3F-2B92-4F23-B7F6-6BCD132CEE97}.Release|x86.Build.0 = Release|Any CPU
		{8EA0FA95-B4A1-4F76-8C87-6FDA54316631}.Debug|Any CPU.ActiveCfg = Debug|Any CPU
		{8EA0FA95-B4A1-4F76-8C87-6FDA54316631}.Debug|Any CPU.Build.0 = Debug|Any CPU
		{8EA0FA95-B4A1-4F76-8C87-6FDA54316631}.Debug|x64.ActiveCfg = Debug|Any CPU
		{8EA0FA95-B4A1-4F76-8C87-6FDA54316631}.Debug|x64.Build.0 = Debug|Any CPU
		{8EA0FA95-B4A1-4F76-8C87-6FDA54316631}.Debug|x86.ActiveCfg = Debug|Any CPU
		{8EA0FA95-B4A1-4F76-8C87-6FDA54316631}.Debug|x86.Build.0 = Debug|Any CPU
		{8EA0FA95-B4A1-4F76-8C87-6FDA54316631}.Release|Any CPU.ActiveCfg = Release|Any CPU
		{8EA0FA95-B4A1-4F76-8C87-6FDA54316631}.Release|Any CPU.Build.0 = Release|Any CPU
		{8EA0FA95-B4A1-4F76-8C87-6FDA54316631}.Release|x64.ActiveCfg = Release|Any CPU
		{8EA0FA95-B4A1-4F76-8C87-6FDA54316631}.Release|x64.Build.0 = Release|Any CPU
		{8EA0FA95-B4A1-4F76-8C87-6FDA54316631}.Release|x86.ActiveCfg = Release|Any CPU
		{8EA0FA95-B4A1-4F76-8C87-6FDA54316631}.Release|x86.Build.0 = Release|Any CPU
		{AF494632-454F-48E6-A7C5-AA56C62C905A}.Debug|Any CPU.ActiveCfg = Debug|Any CPU
		{AF494632-454F-48E6-A7C5-AA56C62C905A}.Debug|Any CPU.Build.0 = Debug|Any CPU
		{AF494632-454F-48E6-A7C5-AA56C62C905A}.Debug|x64.ActiveCfg = Debug|Any CPU
		{AF494632-454F-48E6-A7C5-AA56C62C905A}.Debug|x64.Build.0 = Debug|Any CPU
		{AF494632-454F-48E6-A7C5-AA56C62C905A}.Debug|x86.ActiveCfg = Debug|Any CPU
		{AF494632-454F-48E6-A7C5-AA56C62C905A}.Debug|x86.Build.0 = Debug|Any CPU
		{AF494632-454F-48E6-A7C5-AA56C62C905A}.Release|Any CPU.ActiveCfg = Release|Any CPU
		{AF494632-454F-48E6-A7C5-AA56C62C905A}.Release|Any CPU.Build.0 = Release|Any CPU
		{AF494632-454F-48E6-A7C5-AA56C62C905A}.Release|x64.ActiveCfg = Release|Any CPU
		{AF494632-454F-48E6-A7C5-AA56C62C905A}.Release|x64.Build.0 = Release|Any CPU
		{AF494632-454F-48E6-A7C5-AA56C62C905A}.Release|x86.ActiveCfg = Release|Any CPU
		{AF494632-454F-48E6-A7C5-AA56C62C905A}.Release|x86.Build.0 = Release|Any CPU
		{8C8C0859-613B-4845-9838-D2AA57276FBB}.Debug|Any CPU.ActiveCfg = Debug|Any CPU
		{8C8C0859-613B-4845-9838-D2AA57276FBB}.Debug|Any CPU.Build.0 = Debug|Any CPU
		{8C8C0859-613B-4845-9838-D2AA57276FBB}.Debug|x64.ActiveCfg = Debug|Any CPU
		{8C8C0859-613B-4845-9838-D2AA57276FBB}.Debug|x64.Build.0 = Debug|Any CPU
		{8C8C0859-613B-4845-9838-D2AA57276FBB}.Debug|x86.ActiveCfg = Debug|Any CPU
		{8C8C0859-613B-4845-9838-D2AA57276FBB}.Debug|x86.Build.0 = Debug|Any CPU
		{8C8C0859-613B-4845-9838-D2AA57276FBB}.Release|Any CPU.ActiveCfg = Release|Any CPU
		{8C8C0859-613B-4845-9838-D2AA57276FBB}.Release|Any CPU.Build.0 = Release|Any CPU
		{8C8C0859-613B-4845-9838-D2AA57276FBB}.Release|x64.ActiveCfg = Release|Any CPU
		{8C8C0859-613B-4845-9838-D2AA57276FBB}.Release|x64.Build.0 = Release|Any CPU
		{8C8C0859-613B-4845-9838-D2AA57276FBB}.Release|x86.ActiveCfg = Release|Any CPU
		{8C8C0859-613B-4845-9838-D2AA57276FBB}.Release|x86.Build.0 = Release|Any CPU
	EndGlobalSection
	GlobalSection(NestedProjects) = preSolution
		{46EF0F57-A5DE-4453-ABDE-127CD5DCF11F} = {C41AA34E-E6CD-4BEC-9AC0-358F18E0659F}
		{DBE7FC4E-9EC6-4F96-B156-1CBF6F0A7E22} = {C41AA34E-E6CD-4BEC-9AC0-358F18E0659F}
		{966E308C-908E-4060-8AB0-07E51E4A17B0} = {C41AA34E-E6CD-4BEC-9AC0-358F18E0659F}
		{E7DC9B3F-2B92-4F23-B7F6-6BCD132CEE97} = {C41AA34E-E6CD-4BEC-9AC0-358F18E0659F}
		{8EA0FA95-B4A1-4F76-8C87-6FDA54316631} = {AA69D9D5-5EC5-4061-91CA-42249B62C6AE}
		{AF494632-454F-48E6-A7C5-AA56C62C905A} = {AA69D9D5-5EC5-4061-91CA-42249B62C6AE}
		{8C8C0859-613B-4845-9838-D2AA57276FBB} = {AA69D9D5-5EC5-4061-91CA-42249B62C6AE}
	EndGlobalSection
EndGlobal
